// !$*UTF8*$!
{
	archiveVersion = 1;
	classes = {
	};
	objectVersion = 56;
	objects = {

/* Begin PBXBuildFile section */
		F5795CDE3018BA2B0011040E /* Models in Resources */ = {isa = PBXBuildFile; fileRef = F5795CDD3018BA2B0011040E /* Models */; };
		F5E41001301B100100000001 /* SoundManager.swift in Sources */ = {isa = PBXBuildFile; fileRef = F5E41002301B100100000001 /* SoundManager.swift */; };
		F5E41003301B100100000001 /* Sounds in Resources */ = {isa = PBXBuildFile; fileRef = F5E41004301B100100000001 /* Sounds */; };
		F5E41005301B200100000001 /* HapticManager.swift in Sources */ = {isa = PBXBuildFile; fileRef = F5E41006301B200100000001 /* HapticManager.swift */; };
		F5A43A7C2FFFE85000F9D3AF /* TossApp.swift in Sources */ = {isa = PBXBuildFile; fileRef = F5A43A7B2FFFE85000F9D3AF /* TossApp.swift */; };
		F5A43A7E2FFFE85000F9D3AF /* ContentView.swift in Sources */ = {isa = PBXBuildFile; fileRef = F5A43A7D2FFFE85000F9D3AF /* ContentView.swift */; };
		F5A43A802FFFE85100F9D3AF /* Assets.xcassets in Resources */ = {isa = PBXBuildFile; fileRef = F5A43A7F2FFFE85100F9D3AF /* Assets.xcassets */; };
		F604000130F1000100000001 /* LaunchScreen.storyboard in Resources */ = {isa = PBXBuildFile; fileRef = F604000230F1000100000001 /* LaunchScreen.storyboard */; };
		F5A43A832FFFE85100F9D3AF /* Preview Assets.xcassets in Resources */ = {isa = PBXBuildFile; fileRef = F5A43A822FFFE85100F9D3AF /* Preview Assets.xcassets */; };
		F5A43A8D2FFFE85100F9D3AF /* TossTests.swift in Sources */ = {isa = PBXBuildFile; fileRef = F5A43A8C2FFFE85100F9D3AF /* TossTests.swift */; };
		F5A43A972FFFE85100F9D3AF /* TossUITests.swift in Sources */ = {isa = PBXBuildFile; fileRef = F5A43A962FFFE85100F9D3AF /* TossUITests.swift */; };
		F5A43A992FFFE85100F9D3AF /* TossUITestsLaunchTests.swift in Sources */ = {isa = PBXBuildFile; fileRef = F5A43A982FFFE85100F9D3AF /* TossUITestsLaunchTests.swift */; };
		F5A43AB72FFFEA0000F9D3AF /* CoinSide.swift in Sources */ = {isa = PBXBuildFile; fileRef = F5A43AB62FFFEA0000F9D3AF /* CoinSide.swift */; };
		F5A43AB92FFFEA0000F9D3AF /* CoinTheme.swift in Sources */ = {isa = PBXBuildFile; fileRef = F5A43AB82FFFEA0000F9D3AF /* CoinTheme.swift */; };
		F5A43ABB2FFFEA0000F9D3AF /* CoinMaterial.swift in Sources */ = {isa = PBXBuildFile; fileRef = F5A43ABA2FFFEA0000F9D3AF /* CoinMaterial.swift */; };
		F5A43ABD2FFFEA0000F9D3AF /* CoinShadow.swift in Sources */ = {isa = PBXBuildFile; fileRef = F5A43ABC2FFFEA0000F9D3AF /* CoinShadow.swift */; };
		F5A43ABF2FFFEA0000F9D3AF /* CoinFront.swift in Sources */ = {isa = PBXBuildFile; fileRef = F5A43ABE2FFFEA0000F9D3AF /* CoinFront.swift */; };
		F5A43AC12FFFEA0000F9D3AF /* CoinBack.swift in Sources */ = {isa = PBXBuildFile; fileRef = F5A43AC02FFFEA0000F9D3AF /* CoinBack.swift */; };
		F5A43AC32FFFEA0000F9D3AF /* CoinView.swift in Sources */ = {isa = PBXBuildFile; fileRef = F5A43AC22FFFEA0000F9D3AF /* CoinView.swift */; };
		F5A43AC52FFFEA1000F9D3AF /* CoinTossState.swift in Sources */ = {isa = PBXBuildFile; fileRef = F5A43AC42FFFEA1000F9D3AF /* CoinTossState.swift */; };
		F5A43AC72FFFEA1000F9D3AF /* CoinTossViewModel.swift in Sources */ = {isa = PBXBuildFile; fileRef = F5A43AC62FFFEA1000F9D3AF /* CoinTossViewModel.swift */; };
		F5B53002301C000100000001 /* TossBackground.swift in Sources */ = {isa = PBXBuildFile; fileRef = F5B53001301C000100000001 /* TossBackground.swift */; };
		F5C02A0A30190851001D0A7E /* Coin3DView.swift in Sources */ = {isa = PBXBuildFile; fileRef = F5C02A0930190851001D0A7E /* Coin3DView.swift */; };
		F5C02A0C30190851001D0A7E /* CoinDisplayLayer.swift in Sources */ = {isa = PBXBuildFile; fileRef = F5C02A0B30190851001D0A7E /* CoinDisplayLayer.swift */; };
		F5C02A0E30190851001D0A7E /* TossGestureEvent.swift in Sources */ = {isa = PBXBuildFile; fileRef = F5C02A0D30190851001D0A7E /* TossGestureEvent.swift */; };
		F5C02A1030190851001D0A7E /* CoinTossMotion.swift in Sources */ = {isa = PBXBuildFile; fileRef = F5C02A0F30190851001D0A7E /* CoinTossMotion.swift */; };
		F5C02A1230190851001D0A7E /* TossDebugLog.swift in Sources */ = {isa = PBXBuildFile; fileRef = F5C02A1130190851001D0A7E /* TossDebugLog.swift */; };
		F5D33A02301A000100000001 /* TossResult.swift in Sources */ = {isa = PBXBuildFile; fileRef = F5D33A01301A000100000001 /* TossResult.swift */; };
		F5F100023025000100000001 /* SupabaseConfigurationTests.swift in Sources */ = {isa = PBXBuildFile; fileRef = F5F100013025000100000001 /* SupabaseConfigurationTests.swift */; };
		F5F100043025000100000001 /* SupabaseConfiguration.swift in Sources */ = {isa = PBXBuildFile; fileRef = F5F100033025000100000001 /* SupabaseConfiguration.swift */; };
		F605000130F2000100000001 /* DistributionProfileResolverTests.swift in Sources */ = {isa = PBXBuildFile; fileRef = F605000230F2000100000001 /* DistributionProfileResolverTests.swift */; };
		F605000330F2000100000001 /* DistributionProfile.swift in Sources */ = {isa = PBXBuildFile; fileRef = F605000430F2000100000001 /* DistributionProfile.swift */; };
		F605000530F2000100000001 /* DistributionProfileStore.swift in Sources */ = {isa = PBXBuildFile; fileRef = F605000630F2000100000001 /* DistributionProfileStore.swift */; };
		F605000730F2000100000001 /* DistributionProfileResolver.swift in Sources */ = {isa = PBXBuildFile; fileRef = F605000830F2000100000001 /* DistributionProfileResolver.swift */; };
		F606000130F2100100000001 /* LaunchProfilePresentationTests.swift in Sources */ = {isa = PBXBuildFile; fileRef = F606000230F2100100000001 /* LaunchProfilePresentationTests.swift */; };
		F606000330F2100100000001 /* AppBootstrapView.swift in Sources */ = {isa = PBXBuildFile; fileRef = F606000430F2100100000001 /* AppBootstrapView.swift */; };
		F606000530F2100100000001 /* DistributionProfileChoiceView.swift in Sources */ = {isa = PBXBuildFile; fileRef = F606000630F2100100000001 /* DistributionProfileChoiceView.swift */; };
		F606000730F2100100000001 /* MainlandClassicRootView.swift in Sources */ = {isa = PBXBuildFile; fileRef = F606000830F2100100000001 /* MainlandClassicRootView.swift */; };
		F607000130F2200100000001 /* ClassicSettingsViewModelTests.swift in Sources */ = {isa = PBXBuildFile; fileRef = F607000230F2200100000001 /* ClassicSettingsViewModelTests.swift */; };
		F607000330F2200100000001 /* ClassicSettingsViewModel.swift in Sources */ = {isa = PBXBuildFile; fileRef = F607000430F2200100000001 /* ClassicSettingsViewModel.swift */; };
		F607000530F2200100000001 /* ClassicSettingsSheetView.swift in Sources */ = {isa = PBXBuildFile; fileRef = F607000630F2200100000001 /* ClassicSettingsSheetView.swift */; };
		F5F400013028000100000001 /* AccountStoreTests.swift in Sources */ = {isa = PBXBuildFile; fileRef = F5F400023028000100000001 /* AccountStoreTests.swift */; };
		F5F400033028000100000001 /* AccountTestDoubles.swift in Sources */ = {isa = PBXBuildFile; fileRef = F5F400043028000100000001 /* AccountTestDoubles.swift */; };
		F5F401013028000100000001 /* AppEnvironment.swift in Sources */ = {isa = PBXBuildFile; fileRef = F5F401023028000100000001 /* AppEnvironment.swift */; };
		F5F401033028000100000001 /* AppDependencies.swift in Sources */ = {isa = PBXBuildFile; fileRef = F5F401043028000100000001 /* AppDependencies.swift */; };
		F5F401053028000100000001 /* AccountSession.swift in Sources */ = {isa = PBXBuildFile; fileRef = F5F401063028000100000001 /* AccountSession.swift */; };
		F5F401073028000100000001 /* AccountAuthServicing.swift in Sources */ = {isa = PBXBuildFile; fileRef = F5F401083028000100000001 /* AccountAuthServicing.swift */; };
		F5F401093028000100000001 /* AccountRepositories.swift in Sources */ = {isa = PBXBuildFile; fileRef = F5F4010A3028000100000001 /* AccountRepositories.swift */; };
		F5F4010B3028000100000001 /* AccountDeletionServicing.swift in Sources */ = {isa = PBXBuildFile; fileRef = F5F4010C3028000100000001 /* AccountDeletionServicing.swift */; };
		F5F4010D3028000100000001 /* Supabase in Frameworks */ = {isa = PBXBuildFile; productRef = F5F4010F3028000100000001 /* Supabase */; };
		F5F500013035000100000001 /* NonceGeneratorTests.swift in Sources */ = {isa = PBXBuildFile; fileRef = F5F500023035000100000001 /* NonceGeneratorTests.swift */; };
		F5F500033035000100000001 /* NativeAppleSignInServiceTests.swift in Sources */ = {isa = PBXBuildFile; fileRef = F5F500043035000100000001 /* NativeAppleSignInServiceTests.swift */; };
		F5F500053035000100000001 /* SupabaseAccountAuthServiceTests.swift in Sources */ = {isa = PBXBuildFile; fileRef = F5F500063035000100000001 /* SupabaseAccountAuthServiceTests.swift */; };
		F5F600013036000100000001 /* AuthSessionStorageTests.swift in Sources */ = {isa = PBXBuildFile; fileRef = F5F600023036000100000001 /* AuthSessionStorageTests.swift */; };
		F5F501013035000100000001 /* NonceGenerator.swift in Sources */ = {isa = PBXBuildFile; fileRef = F5F501023035000100000001 /* NonceGenerator.swift */; };
		F5F501033035000100000001 /* AppleSignInServicing.swift in Sources */ = {isa = PBXBuildFile; fileRef = F5F501043035000100000001 /* AppleSignInServicing.swift */; };
		F5F501053035000100000001 /* NativeAppleSignInService.swift in Sources */ = {isa = PBXBuildFile; fileRef = F5F501063035000100000001 /* NativeAppleSignInService.swift */; };
		F5F501073035000100000001 /* SupabaseAccountAuthService.swift in Sources */ = {isa = PBXBuildFile; fileRef = F5F501083035000100000001 /* SupabaseAccountAuthService.swift */; };
		F5F501093035000100000001 /* AccountStore.swift in Sources */ = {isa = PBXBuildFile; fileRef = F5F5010A3035000100000001 /* AccountStore.swift */; };
		F5F601013036000100000001 /* KeychainAuthLocalStorage.swift in Sources */ = {isa = PBXBuildFile; fileRef = F5F601023036000100000001 /* KeychainAuthLocalStorage.swift */; };
		F5F700013040000100000001 /* SupabaseClientGenerationTests.swift in Sources */ = {isa = PBXBuildFile; fileRef = F5F700023040000100000001 /* SupabaseClientGenerationTests.swift */; };
		F5F701013040000100000001 /* GenerationBoundAuthLocalStorage.swift in Sources */ = {isa = PBXBuildFile; fileRef = F5F701023040000100000001 /* GenerationBoundAuthLocalStorage.swift */; };
		F5F702013040000100000001 /* SupabaseClientGeneration.swift in Sources */ = {isa = PBXBuildFile; fileRef = F5F702023040000100000001 /* SupabaseClientGeneration.swift */; };
		F5F703013040000100000001 /* SupabaseClientGenerationProvider.swift in Sources */ = {isa = PBXBuildFile; fileRef = F5F703023040000100000001 /* SupabaseClientGenerationProvider.swift */; };
		F5F704013040000100000001 /* TestDoubleIsolationTests.swift in Sources */ = {isa = PBXBuildFile; fileRef = F5F704023040000100000001 /* TestDoubleIsolationTests.swift */; };
		F5F800013050000100000001 /* AccountSyncTests.swift in Sources */ = {isa = PBXBuildFile; fileRef = F5F800023050000100000001 /* AccountSyncTests.swift */; };
		F5F810013050000100000001 /* UserProfile.swift in Sources */ = {isa = PBXBuildFile; fileRef = F5F810023050000100000001 /* UserProfile.swift */; };
		F5F811013050000100000001 /* UserPreferences.swift in Sources */ = {isa = PBXBuildFile; fileRef = F5F811023050000100000001 /* UserPreferences.swift */; };
		F5F812013050000100000001 /* SupabaseUserProfileRepository.swift in Sources */ = {isa = PBXBuildFile; fileRef = F5F812023050000100000001 /* SupabaseUserProfileRepository.swift */; };
		F5F813013050000100000001 /* SupabaseUserPreferencesRepository.swift in Sources */ = {isa = PBXBuildFile; fileRef = F5F813023050000100000001 /* SupabaseUserPreferencesRepository.swift */; };
		F5F814013050000100000001 /* LocalPreferencesStore.swift in Sources */ = {isa = PBXBuildFile; fileRef = F5F814023050000100000001 /* LocalPreferencesStore.swift */; };
		F5F815013050000100000001 /* AccountSyncCoordinator.swift in Sources */ = {isa = PBXBuildFile; fileRef = F5F815023050000100000001 /* AccountSyncCoordinator.swift */; };
		F5F900013060000100000001 /* AccountViewModelTests.swift in Sources */ = {isa = PBXBuildFile; fileRef = F5F900023060000100000001 /* AccountViewModelTests.swift */; };
		F5FA00013070000100000001 /* AccountDeletionTests.swift in Sources */ = {isa = PBXBuildFile; fileRef = F5FA00023070000100000001 /* AccountDeletionTests.swift */; };
		F5FA00033070000100000001 /* AccountDeletionRequestStore.swift in Sources */ = {isa = PBXBuildFile; fileRef = F5FA00043070000100000001 /* AccountDeletionRequestStore.swift */; };
		F5FA00053070000100000001 /* SupabaseAccountDeletionService.swift in Sources */ = {isa = PBXBuildFile; fileRef = F5FA00063070000100000001 /* SupabaseAccountDeletionService.swift */; };
		F5FB00013080000100000001 /* SelectedCoinPreferenceRepositoryTests.swift in Sources */ = {isa = PBXBuildFile; fileRef = F5FB00023080000100000001 /* SelectedCoinPreferenceRepositoryTests.swift */; };
		F5FB00033080000100000001 /* SelectedCoinPreferenceServicing.swift in Sources */ = {isa = PBXBuildFile; fileRef = F5FB00043080000100000001 /* SelectedCoinPreferenceServicing.swift */; };
		F5FB00053080000100000001 /* SupabaseSelectedCoinPreferenceRepository.swift in Sources */ = {isa = PBXBuildFile; fileRef = F5FB00063080000100000001 /* SupabaseSelectedCoinPreferenceRepository.swift */; };
		F5FC00013090000100000001 /* CoinCatalogRepositoryTests.swift in Sources */ = {isa = PBXBuildFile; fileRef = F5FC00023090000100000001 /* CoinCatalogRepositoryTests.swift */; };
		F5FC00033090000100000001 /* CoinCatalogCacheTests.swift in Sources */ = {isa = PBXBuildFile; fileRef = F5FC00043090000100000001 /* CoinCatalogCacheTests.swift */; };
		F5FC00053090000100000001 /* CoinCatalogItem.swift in Sources */ = {isa = PBXBuildFile; fileRef = F5FC00063090000100000001 /* CoinCatalogItem.swift */; };
		F5FC00073090000100000001 /* CoinCatalogServicing.swift in Sources */ = {isa = PBXBuildFile; fileRef = F5FC00083090000100000001 /* CoinCatalogServicing.swift */; };
		F5FC00093090000100000001 /* SupabaseCoinCatalogRepository.swift in Sources */ = {isa = PBXBuildFile; fileRef = F5FC000A3090000100000001 /* SupabaseCoinCatalogRepository.swift */; };
		F5FC000B3090000100000001 /* CoinCatalogCache.swift in Sources */ = {isa = PBXBuildFile; fileRef = F5FC000C3090000100000001 /* CoinCatalogCache.swift */; };
		F5FD000130A0000100000001 /* CoinAssetCacheTests.swift in Sources */ = {isa = PBXBuildFile; fileRef = F5FD000230A0000100000001 /* CoinAssetCacheTests.swift */; };
		F5FD000330A0000100000001 /* CoinAssetCaching.swift in Sources */ = {isa = PBXBuildFile; fileRef = F5FD000430A0000100000001 /* CoinAssetCaching.swift */; };
		F5FD000530A0000100000001 /* CoinAssetCache.swift in Sources */ = {isa = PBXBuildFile; fileRef = F5FD000630A0000100000001 /* CoinAssetCache.swift */; };
		F5FD000730A0000100000001 /* CoinFileDownloader.swift in Sources */ = {isa = PBXBuildFile; fileRef = F5FD000830A0000100000001 /* CoinFileDownloader.swift */; };
		F601000130D0000100000001 /* CoinModelPrototypeCacheTests.swift in Sources */ = {isa = PBXBuildFile; fileRef = F601000230D0000100000001 /* CoinModelPrototypeCacheTests.swift */; };
		F601000330D0000100000001 /* CoinModelPrototypeCache.swift in Sources */ = {isa = PBXBuildFile; fileRef = F601000430D0000100000001 /* CoinModelPrototypeCache.swift */; };
		F602000130E0000100000001 /* CoinPreviewImageCacheTests.swift in Sources */ = {isa = PBXBuildFile; fileRef = F602000230E0000100000001 /* CoinPreviewImageCacheTests.swift */; };
		F602000330E0000100000001 /* CoinPreviewImageCache.swift in Sources */ = {isa = PBXBuildFile; fileRef = F602000430E0000100000001 /* CoinPreviewImageCache.swift */; };
		F603000130F0000100000001 /* TossVisualStyleTests.swift in Sources */ = {isa = PBXBuildFile; fileRef = F603000230F0000100000001 /* TossVisualStyleTests.swift */; };
		F603000330F0000100000001 /* TossVisualStyle.swift in Sources */ = {isa = PBXBuildFile; fileRef = F603000430F0000100000001 /* TossVisualStyle.swift */; };
		F5FE000130B0000100000001 /* CoinSelectionStoreTests.swift in Sources */ = {isa = PBXBuildFile; fileRef = F5FE000230B0000100000001 /* CoinSelectionStoreTests.swift */; };
		F5FE000330B0000100000001 /* CoinSelectionStore.swift in Sources */ = {isa = PBXBuildFile; fileRef = F5FE000430B0000100000001 /* CoinSelectionStore.swift */; };
		F600000130C0000100000001 /* CoinLibraryViewModelTests.swift in Sources */ = {isa = PBXBuildFile; fileRef = F600000230C0000100000001 /* CoinLibraryViewModelTests.swift */; };
		F600000330C0000100000001 /* CoinLibraryViewModel.swift in Sources */ = {isa = PBXBuildFile; fileRef = F600000430C0000100000001 /* CoinLibraryViewModel.swift */; };
		F600000530C0000100000001 /* CoinLibraryView.swift in Sources */ = {isa = PBXBuildFile; fileRef = F600000630C0000100000001 /* CoinLibraryView.swift */; };
		F600000730C0000100000001 /* CoinLibraryCard.swift in Sources */ = {isa = PBXBuildFile; fileRef = F600000830C0000100000001 /* CoinLibraryCard.swift */; };
		F5F910013060000100000001 /* AccountViewModel.swift in Sources */ = {isa = PBXBuildFile; fileRef = F5F910023060000100000001 /* AccountViewModel.swift */; };
		F5F911013060000100000001 /* AppRootView.swift in Sources */ = {isa = PBXBuildFile; fileRef = F5F911023060000100000001 /* AppRootView.swift */; };
		F5F912013060000100000001 /* AccountSheetView.swift in Sources */ = {isa = PBXBuildFile; fileRef = F5F912023060000100000001 /* AccountSheetView.swift */; };
		F5F913013060000100000001 /* GuestAccountView.swift in Sources */ = {isa = PBXBuildFile; fileRef = F5F913023060000100000001 /* GuestAccountView.swift */; };
		F5F914013060000100000001 /* AuthenticatedAccountView.swift in Sources */ = {isa = PBXBuildFile; fileRef = F5F914023060000100000001 /* AuthenticatedAccountView.swift */; };
/* End PBXBuildFile section */

/* Begin PBXContainerItemProxy section */
		F5A43A892FFFE85100F9D3AF /* PBXContainerItemProxy */ = {
			isa = PBXContainerItemProxy;
			containerPortal = F5A43A702FFFE85000F9D3AF /* Project object */;
			proxyType = 1;
			remoteGlobalIDString = F5A43A772FFFE85000F9D3AF;
			remoteInfo = Toss;
		};
		F5A43A932FFFE85100F9D3AF /* PBXContainerItemProxy */ = {
			isa = PBXContainerItemProxy;
			containerPortal = F5A43A702FFFE85000F9D3AF /* Project object */;
			proxyType = 1;
			remoteGlobalIDString = F5A43A772FFFE85000F9D3AF;
			remoteInfo = Toss;
		};
/* End PBXContainerItemProxy section */

/* Begin PBXFileReference section */
		F5795CDD3018BA2B0011040E /* Models */ = {isa = PBXFileReference; lastKnownFileType = folder; path = Models; sourceTree = "<group>"; };
		F5E41002301B100100000001 /* SoundManager.swift */ = {isa = PBXFileReference; lastKnownFileType = sourcecode.swift; path = SoundManager.swift; sourceTree = "<group>"; };
		F5E41004301B100100000001 /* Sounds */ = {isa = PBXFileReference; lastKnownFileType = folder; path = Sounds; sourceTree = "<group>"; };
		F5E41006301B200100000001 /* HapticManager.swift */ = {isa = PBXFileReference; lastKnownFileType = sourcecode.swift; path = HapticManager.swift; sourceTree = "<group>"; };
		F5A43A782FFFE85000F9D3AF /* Toss.app */ = {isa = PBXFileReference; explicitFileType = wrapper.application; includeInIndex = 0; path = Toss.app; sourceTree = BUILT_PRODUCTS_DIR; };
		F5A43A7B2FFFE85000F9D3AF /* TossApp.swift */ = {isa = PBXFileReference; lastKnownFileType = sourcecode.swift; path = TossApp.swift; sourceTree = "<group>"; };
		F5A43A7D2FFFE85000F9D3AF /* ContentView.swift */ = {isa = PBXFileReference; lastKnownFileType = sourcecode.swift; path = ContentView.swift; sourceTree = "<group>"; };
		F5A43A7F2FFFE85100F9D3AF /* Assets.xcassets */ = {isa = PBXFileReference; lastKnownFileType = folder.assetcatalog; path = Assets.xcassets; sourceTree = "<group>"; };
		F604000230F1000100000001 /* LaunchScreen.storyboard */ = {isa = PBXFileReference; lastKnownFileType = file.storyboard; path = LaunchScreen.storyboard; sourceTree = "<group>"; };
		F5A43A822FFFE85100F9D3AF /* Preview Assets.xcassets */ = {isa = PBXFileReference; lastKnownFileType = folder.assetcatalog; path = "Preview Assets.xcassets"; sourceTree = "<group>"; };
		F5A43A882FFFE85100F9D3AF /* TossTests.xctest */ = {isa = PBXFileReference; explicitFileType = wrapper.cfbundle; includeInIndex = 0; path = TossTests.xctest; sourceTree = BUILT_PRODUCTS_DIR; };
		F5A43A8C2FFFE85100F9D3AF /* TossTests.swift */ = {isa = PBXFileReference; lastKnownFileType = sourcecode.swift; path = TossTests.swift; sourceTree = "<group>"; };
		F5A43A922FFFE85100F9D3AF /* TossUITests.xctest */ = {isa = PBXFileReference; explicitFileType = wrapper.cfbundle; includeInIndex = 0; path = TossUITests.xctest; sourceTree = BUILT_PRODUCTS_DIR; };
		F5A43A962FFFE85100F9D3AF /* TossUITests.swift */ = {isa = PBXFileReference; lastKnownFileType = sourcecode.swift; path = TossUITests.swift; sourceTree = "<group>"; };
		F5A43A982FFFE85100F9D3AF /* TossUITestsLaunchTests.swift */ = {isa = PBXFileReference; lastKnownFileType = sourcecode.swift; path = TossUITestsLaunchTests.swift; sourceTree = "<group>"; };
		F5A43AB62FFFEA0000F9D3AF /* CoinSide.swift */ = {isa = PBXFileReference; lastKnownFileType = sourcecode.swift; path = CoinSide.swift; sourceTree = "<group>"; };
		F5A43AB82FFFEA0000F9D3AF /* CoinTheme.swift */ = {isa = PBXFileReference; lastKnownFileType = sourcecode.swift; path = CoinTheme.swift; sourceTree = "<group>"; };
		F5A43ABA2FFFEA0000F9D3AF /* CoinMaterial.swift */ = {isa = PBXFileReference; lastKnownFileType = sourcecode.swift; path = CoinMaterial.swift; sourceTree = "<group>"; };
		F5A43ABC2FFFEA0000F9D3AF /* CoinShadow.swift */ = {isa = PBXFileReference; lastKnownFileType = sourcecode.swift; path = CoinShadow.swift; sourceTree = "<group>"; };
		F5A43ABE2FFFEA0000F9D3AF /* CoinFront.swift */ = {isa = PBXFileReference; lastKnownFileType = sourcecode.swift; path = CoinFront.swift; sourceTree = "<group>"; };
		F5A43AC02FFFEA0000F9D3AF /* CoinBack.swift */ = {isa = PBXFileReference; lastKnownFileType = sourcecode.swift; path = CoinBack.swift; sourceTree = "<group>"; };
		F5A43AC22FFFEA0000F9D3AF /* CoinView.swift */ = {isa = PBXFileReference; lastKnownFileType = sourcecode.swift; path = CoinView.swift; sourceTree = "<group>"; };
		F5A43AC42FFFEA1000F9D3AF /* CoinTossState.swift */ = {isa = PBXFileReference; lastKnownFileType = sourcecode.swift; path = CoinTossState.swift; sourceTree = "<group>"; };
		F5A43AC62FFFEA1000F9D3AF /* CoinTossViewModel.swift */ = {isa = PBXFileReference; lastKnownFileType = sourcecode.swift; path = CoinTossViewModel.swift; sourceTree = "<group>"; };
		F5B53001301C000100000001 /* TossBackground.swift */ = {isa = PBXFileReference; lastKnownFileType = sourcecode.swift; path = TossBackground.swift; sourceTree = "<group>"; };
		F5C02A0930190851001D0A7E /* Coin3DView.swift */ = {isa = PBXFileReference; lastKnownFileType = sourcecode.swift; path = Coin3DView.swift; sourceTree = "<group>"; };
		F5C02A0B30190851001D0A7E /* CoinDisplayLayer.swift */ = {isa = PBXFileReference; lastKnownFileType = sourcecode.swift; path = CoinDisplayLayer.swift; sourceTree = "<group>"; };
		F5C02A0D30190851001D0A7E /* TossGestureEvent.swift */ = {isa = PBXFileReference; lastKnownFileType = sourcecode.swift; path = TossGestureEvent.swift; sourceTree = "<group>"; };
		F5C02A0F30190851001D0A7E /* CoinTossMotion.swift */ = {isa = PBXFileReference; lastKnownFileType = sourcecode.swift; path = CoinTossMotion.swift; sourceTree = "<group>"; };
		F5C02A1130190851001D0A7E /* TossDebugLog.swift */ = {isa = PBXFileReference; lastKnownFileType = sourcecode.swift; path = TossDebugLog.swift; sourceTree = "<group>"; };
		F5D33A01301A000100000001 /* TossResult.swift */ = {isa = PBXFileReference; lastKnownFileType = sourcecode.swift; path = TossResult.swift; sourceTree = "<group>"; };
		F5F100013025000100000001 /* SupabaseConfigurationTests.swift */ = {isa = PBXFileReference; lastKnownFileType = sourcecode.swift; path = Configuration/SupabaseConfigurationTests.swift; sourceTree = "<group>"; };
		F5F100033025000100000001 /* SupabaseConfiguration.swift */ = {isa = PBXFileReference; lastKnownFileType = sourcecode.swift; path = SupabaseConfiguration.swift; sourceTree = "<group>"; };
		F605000230F2000100000001 /* DistributionProfileResolverTests.swift */ = {isa = PBXFileReference; lastKnownFileType = sourcecode.swift; path = Configuration/DistributionProfileResolverTests.swift; sourceTree = "<group>"; };
		F605000430F2000100000001 /* DistributionProfile.swift */ = {isa = PBXFileReference; lastKnownFileType = sourcecode.swift; path = DistributionProfile.swift; sourceTree = "<group>"; };
		F605000630F2000100000001 /* DistributionProfileStore.swift */ = {isa = PBXFileReference; lastKnownFileType = sourcecode.swift; path = DistributionProfileStore.swift; sourceTree = "<group>"; };
		F605000830F2000100000001 /* DistributionProfileResolver.swift */ = {isa = PBXFileReference; lastKnownFileType = sourcecode.swift; path = DistributionProfileResolver.swift; sourceTree = "<group>"; };
		F606000230F2100100000001 /* LaunchProfilePresentationTests.swift */ = {isa = PBXFileReference; lastKnownFileType = sourcecode.swift; path = Views/LaunchProfilePresentationTests.swift; sourceTree = "<group>"; };
		F606000430F2100100000001 /* AppBootstrapView.swift */ = {isa = PBXFileReference; lastKnownFileType = sourcecode.swift; path = AppBootstrapView.swift; sourceTree = "<group>"; };
		F606000630F2100100000001 /* DistributionProfileChoiceView.swift */ = {isa = PBXFileReference; lastKnownFileType = sourcecode.swift; path = DistributionProfileChoiceView.swift; sourceTree = "<group>"; };
		F606000830F2100100000001 /* MainlandClassicRootView.swift */ = {isa = PBXFileReference; lastKnownFileType = sourcecode.swift; path = MainlandClassicRootView.swift; sourceTree = "<group>"; };
		F607000230F2200100000001 /* ClassicSettingsViewModelTests.swift */ = {isa = PBXFileReference; lastKnownFileType = sourcecode.swift; path = Views/ClassicSettingsViewModelTests.swift; sourceTree = "<group>"; };
		F607000430F2200100000001 /* ClassicSettingsViewModel.swift */ = {isa = PBXFileReference; lastKnownFileType = sourcecode.swift; path = ClassicSettingsViewModel.swift; sourceTree = "<group>"; };
		F607000630F2200100000001 /* ClassicSettingsSheetView.swift */ = {isa = PBXFileReference; lastKnownFileType = sourcecode.swift; path = ClassicSettingsSheetView.swift; sourceTree = "<group>"; };
		F5F100053025000100000001 /* Debug.xcconfig */ = {isa = PBXFileReference; lastKnownFileType = text.xcconfig; path = Debug.xcconfig; sourceTree = "<group>"; };
		F5F100063025000100000001 /* Release.xcconfig */ = {isa = PBXFileReference; lastKnownFileType = text.xcconfig; path = Release.xcconfig; sourceTree = "<group>"; };
		F5F100073025000100000001 /* LocalSecrets.xcconfig.example */ = {isa = PBXFileReference; lastKnownFileType = text.xcconfig; path = LocalSecrets.xcconfig.example; sourceTree = "<group>"; };
		F5F400023028000100000001 /* AccountStoreTests.swift */ = {isa = PBXFileReference; lastKnownFileType = sourcecode.swift; path = Account/AccountStoreTests.swift; sourceTree = "<group>"; };
		F5F400043028000100000001 /* AccountTestDoubles.swift */ = {isa = PBXFileReference; lastKnownFileType = sourcecode.swift; path = TestDoubles/AccountTestDoubles.swift; sourceTree = "<group>"; };
		F5F401023028000100000001 /* AppEnvironment.swift */ = {isa = PBXFileReference; lastKnownFileType = sourcecode.swift; path = AppEnvironment.swift; sourceTree = "<group>"; };
		F5F401043028000100000001 /* AppDependencies.swift */ = {isa = PBXFileReference; lastKnownFileType = sourcecode.swift; path = AppDependencies.swift; sourceTree = "<group>"; };
		F5F401063028000100000001 /* AccountSession.swift */ = {isa = PBXFileReference; lastKnownFileType = sourcecode.swift; path = Account/AccountSession.swift; sourceTree = "<group>"; };
		F5F401083028000100000001 /* AccountAuthServicing.swift */ = {isa = PBXFileReference; lastKnownFileType = sourcecode.swift; path = Account/AccountAuthServicing.swift; sourceTree = "<group>"; };
		F5F4010A3028000100000001 /* AccountRepositories.swift */ = {isa = PBXFileReference; lastKnownFileType = sourcecode.swift; path = Account/AccountRepositories.swift; sourceTree = "<group>"; };
		F5F4010C3028000100000001 /* AccountDeletionServicing.swift */ = {isa = PBXFileReference; lastKnownFileType = sourcecode.swift; path = Account/AccountDeletionServicing.swift; sourceTree = "<group>"; };
		F5F500023035000100000001 /* NonceGeneratorTests.swift */ = {isa = PBXFileReference; lastKnownFileType = sourcecode.swift; path = Account/NonceGeneratorTests.swift; sourceTree = "<group>"; };
		F5F500043035000100000001 /* NativeAppleSignInServiceTests.swift */ = {isa = PBXFileReference; lastKnownFileType = sourcecode.swift; path = Account/NativeAppleSignInServiceTests.swift; sourceTree = "<group>"; };
		F5F500063035000100000001 /* SupabaseAccountAuthServiceTests.swift */ = {isa = PBXFileReference; lastKnownFileType = sourcecode.swift; path = Account/SupabaseAccountAuthServiceTests.swift; sourceTree = "<group>"; };
		F5F600023036000100000001 /* AuthSessionStorageTests.swift */ = {isa = PBXFileReference; lastKnownFileType = sourcecode.swift; path = Account/AuthSessionStorageTests.swift; sourceTree = "<group>"; };
		F5F501023035000100000001 /* NonceGenerator.swift */ = {isa = PBXFileReference; lastKnownFileType = sourcecode.swift; path = Account/NonceGenerator.swift; sourceTree = "<group>"; };
		F5F501043035000100000001 /* AppleSignInServicing.swift */ = {isa = PBXFileReference; lastKnownFileType = sourcecode.swift; path = Account/AppleSignInServicing.swift; sourceTree = "<group>"; };
		F5F501063035000100000001 /* NativeAppleSignInService.swift */ = {isa = PBXFileReference; lastKnownFileType = sourcecode.swift; path = Account/NativeAppleSignInService.swift; sourceTree = "<group>"; };
		F5F501083035000100000001 /* SupabaseAccountAuthService.swift */ = {isa = PBXFileReference; lastKnownFileType = sourcecode.swift; path = Account/SupabaseAccountAuthService.swift; sourceTree = "<group>"; };
		F5F5010A3035000100000001 /* AccountStore.swift */ = {isa = PBXFileReference; lastKnownFileType = sourcecode.swift; path = AccountStore.swift; sourceTree = "<group>"; };
		F5F5010B3035000100000001 /* Toss.entitlements */ = {isa = PBXFileReference; lastKnownFileType = text.plist.entitlements; path = Toss.entitlements; sourceTree = "<group>"; };
		F5F601023036000100000001 /* KeychainAuthLocalStorage.swift */ = {isa = PBXFileReference; lastKnownFileType = sourcecode.swift; path = Account/KeychainAuthLocalStorage.swift; sourceTree = "<group>"; };
		F5F700023040000100000001 /* SupabaseClientGenerationTests.swift */ = {isa = PBXFileReference; lastKnownFileType = sourcecode.swift; path = Account/SupabaseClientGenerationTests.swift; sourceTree = "<group>"; };
		F5F701023040000100000001 /* GenerationBoundAuthLocalStorage.swift */ = {isa = PBXFileReference; lastKnownFileType = sourcecode.swift; path = Account/GenerationBoundAuthLocalStorage.swift; sourceTree = "<group>"; };
		F5F702023040000100000001 /* SupabaseClientGeneration.swift */ = {isa = PBXFileReference; lastKnownFileType = sourcecode.swift; path = Account/SupabaseClientGeneration.swift; sourceTree = "<group>"; };
		F5F703023040000100000001 /* SupabaseClientGenerationProvider.swift */ = {isa = PBXFileReference; lastKnownFileType = sourcecode.swift; path = Account/SupabaseClientGenerationProvider.swift; sourceTree = "<group>"; };
		F5F704023040000100000001 /* TestDoubleIsolationTests.swift */ = {isa = PBXFileReference; lastKnownFileType = sourcecode.swift; path = Account/TestDoubleIsolationTests.swift; sourceTree = "<group>"; };
		F5F800023050000100000001 /* AccountSyncTests.swift */ = {isa = PBXFileReference; lastKnownFileType = sourcecode.swift; path = Account/AccountSyncTests.swift; sourceTree = "<group>"; };
		F5F810023050000100000001 /* UserProfile.swift */ = {isa = PBXFileReference; lastKnownFileType = sourcecode.swift; path = Account/UserProfile.swift; sourceTree = "<group>"; };
		F5F811023050000100000001 /* UserPreferences.swift */ = {isa = PBXFileReference; lastKnownFileType = sourcecode.swift; path = Account/UserPreferences.swift; sourceTree = "<group>"; };
		F5F812023050000100000001 /* SupabaseUserProfileRepository.swift */ = {isa = PBXFileReference; lastKnownFileType = sourcecode.swift; path = Account/SupabaseUserProfileRepository.swift; sourceTree = "<group>"; };
		F5F813023050000100000001 /* SupabaseUserPreferencesRepository.swift */ = {isa = PBXFileReference; lastKnownFileType = sourcecode.swift; path = Account/SupabaseUserPreferencesRepository.swift; sourceTree = "<group>"; };
		F5F814023050000100000001 /* LocalPreferencesStore.swift */ = {isa = PBXFileReference; lastKnownFileType = sourcecode.swift; path = LocalPreferencesStore.swift; sourceTree = "<group>"; };
		F5F815023050000100000001 /* AccountSyncCoordinator.swift */ = {isa = PBXFileReference; lastKnownFileType = sourcecode.swift; path = Account/AccountSyncCoordinator.swift; sourceTree = "<group>"; };
		F5F900023060000100000001 /* AccountViewModelTests.swift */ = {isa = PBXFileReference; lastKnownFileType = sourcecode.swift; path = Account/AccountViewModelTests.swift; sourceTree = "<group>"; };
		F5FA00023070000100000001 /* AccountDeletionTests.swift */ = {isa = PBXFileReference; lastKnownFileType = sourcecode.swift; path = Account/AccountDeletionTests.swift; sourceTree = "<group>"; };
		F5FA00043070000100000001 /* AccountDeletionRequestStore.swift */ = {isa = PBXFileReference; lastKnownFileType = sourcecode.swift; path = Account/AccountDeletionRequestStore.swift; sourceTree = "<group>"; };
		F5FA00063070000100000001 /* SupabaseAccountDeletionService.swift */ = {isa = PBXFileReference; lastKnownFileType = sourcecode.swift; path = Account/SupabaseAccountDeletionService.swift; sourceTree = "<group>"; };
		F5FB00023080000100000001 /* SelectedCoinPreferenceRepositoryTests.swift */ = {isa = PBXFileReference; lastKnownFileType = sourcecode.swift; path = Coins/SelectedCoinPreferenceRepositoryTests.swift; sourceTree = "<group>"; };
		F5FB00043080000100000001 /* SelectedCoinPreferenceServicing.swift */ = {isa = PBXFileReference; lastKnownFileType = sourcecode.swift; path = Coins/SelectedCoinPreferenceServicing.swift; sourceTree = "<group>"; };
		F5FB00063080000100000001 /* SupabaseSelectedCoinPreferenceRepository.swift */ = {isa = PBXFileReference; lastKnownFileType = sourcecode.swift; path = Coins/SupabaseSelectedCoinPreferenceRepository.swift; sourceTree = "<group>"; };
		F5FC00023090000100000001 /* CoinCatalogRepositoryTests.swift */ = {isa = PBXFileReference; lastKnownFileType = sourcecode.swift; path = Coins/CoinCatalogRepositoryTests.swift; sourceTree = "<group>"; };
		F5FC00043090000100000001 /* CoinCatalogCacheTests.swift */ = {isa = PBXFileReference; lastKnownFileType = sourcecode.swift; path = Coins/CoinCatalogCacheTests.swift; sourceTree = "<group>"; };
		F5FC00063090000100000001 /* CoinCatalogItem.swift */ = {isa = PBXFileReference; lastKnownFileType = sourcecode.swift; path = CoinCatalogItem.swift; sourceTree = "<group>"; };
		F5FC00083090000100000001 /* CoinCatalogServicing.swift */ = {isa = PBXFileReference; lastKnownFileType = sourcecode.swift; path = Coins/CoinCatalogServicing.swift; sourceTree = "<group>"; };
		F5FC000A3090000100000001 /* SupabaseCoinCatalogRepository.swift */ = {isa = PBXFileReference; lastKnownFileType = sourcecode.swift; path = Coins/SupabaseCoinCatalogRepository.swift; sourceTree = "<group>"; };
		F5FC000C3090000100000001 /* CoinCatalogCache.swift */ = {isa = PBXFileReference; lastKnownFileType = sourcecode.swift; path = Coins/CoinCatalogCache.swift; sourceTree = "<group>"; };
		F5FD000230A0000100000001 /* CoinAssetCacheTests.swift */ = {isa = PBXFileReference; lastKnownFileType = sourcecode.swift; path = Coins/CoinAssetCacheTests.swift; sourceTree = "<group>"; };
		F5FD000430A0000100000001 /* CoinAssetCaching.swift */ = {isa = PBXFileReference; lastKnownFileType = sourcecode.swift; path = Coins/CoinAssetCaching.swift; sourceTree = "<group>"; };
		F5FD000630A0000100000001 /* CoinAssetCache.swift */ = {isa = PBXFileReference; lastKnownFileType = sourcecode.swift; path = Coins/CoinAssetCache.swift; sourceTree = "<group>"; };
		F5FD000830A0000100000001 /* CoinFileDownloader.swift */ = {isa = PBXFileReference; lastKnownFileType = sourcecode.swift; path = Coins/CoinFileDownloader.swift; sourceTree = "<group>"; };
		F601000230D0000100000001 /* CoinModelPrototypeCacheTests.swift */ = {isa = PBXFileReference; lastKnownFileType = sourcecode.swift; path = Components/CoinModelPrototypeCacheTests.swift; sourceTree = "<group>"; };
		F601000430D0000100000001 /* CoinModelPrototypeCache.swift */ = {isa = PBXFileReference; lastKnownFileType = sourcecode.swift; path = CoinModelPrototypeCache.swift; sourceTree = "<group>"; };
		F602000230E0000100000001 /* CoinPreviewImageCacheTests.swift */ = {isa = PBXFileReference; lastKnownFileType = sourcecode.swift; path = Components/CoinPreviewImageCacheTests.swift; sourceTree = "<group>"; };
		F602000430E0000100000001 /* CoinPreviewImageCache.swift */ = {isa = PBXFileReference; lastKnownFileType = sourcecode.swift; path = CoinPreviewImageCache.swift; sourceTree = "<group>"; };
		F603000230F0000100000001 /* TossVisualStyleTests.swift */ = {isa = PBXFileReference; lastKnownFileType = sourcecode.swift; path = Components/TossVisualStyleTests.swift; sourceTree = "<group>"; };
		F603000430F0000100000001 /* TossVisualStyle.swift */ = {isa = PBXFileReference; lastKnownFileType = sourcecode.swift; path = TossVisualStyle.swift; sourceTree = "<group>"; };
		F5FE000230B0000100000001 /* CoinSelectionStoreTests.swift */ = {isa = PBXFileReference; lastKnownFileType = sourcecode.swift; path = Coins/CoinSelectionStoreTests.swift; sourceTree = "<group>"; };
		F5FE000430B0000100000001 /* CoinSelectionStore.swift */ = {isa = PBXFileReference; lastKnownFileType = sourcecode.swift; path = Coins/CoinSelectionStore.swift; sourceTree = "<group>"; };
		F600000230C0000100000001 /* CoinLibraryViewModelTests.swift */ = {isa = PBXFileReference; lastKnownFileType = sourcecode.swift; path = Coins/CoinLibraryViewModelTests.swift; sourceTree = "<group>"; };
		F600000430C0000100000001 /* CoinLibraryViewModel.swift */ = {isa = PBXFileReference; lastKnownFileType = sourcecode.swift; path = CoinLibraryViewModel.swift; sourceTree = "<group>"; };
		F600000630C0000100000001 /* CoinLibraryView.swift */ = {isa = PBXFileReference; lastKnownFileType = sourcecode.swift; path = CoinLibrary/CoinLibraryView.swift; sourceTree = "<group>"; };
		F600000830C0000100000001 /* CoinLibraryCard.swift */ = {isa = PBXFileReference; lastKnownFileType = sourcecode.swift; path = CoinLibrary/CoinLibraryCard.swift; sourceTree = "<group>"; };
		F5F910023060000100000001 /* AccountViewModel.swift */ = {isa = PBXFileReference; lastKnownFileType = sourcecode.swift; path = Account/AccountViewModel.swift; sourceTree = "<group>"; };
		F5F911023060000100000001 /* AppRootView.swift */ = {isa = PBXFileReference; lastKnownFileType = sourcecode.swift; path = AppRootView.swift; sourceTree = "<group>"; };
		F5F912023060000100000001 /* AccountSheetView.swift */ = {isa = PBXFileReference; lastKnownFileType = sourcecode.swift; path = AccountSheetView.swift; sourceTree = "<group>"; };
		F5F913023060000100000001 /* GuestAccountView.swift */ = {isa = PBXFileReference; lastKnownFileType = sourcecode.swift; path = GuestAccountView.swift; sourceTree = "<group>"; };
		F5F914023060000100000001 /* AuthenticatedAccountView.swift */ = {isa = PBXFileReference; lastKnownFileType = sourcecode.swift; path = AuthenticatedAccountView.swift; sourceTree = "<group>"; };
/* End PBXFileReference section */

/* Begin PBXFrameworksBuildPhase section */
		F5A43A752FFFE85000F9D3AF /* Frameworks */ = {
			isa = PBXFrameworksBuildPhase;
			buildActionMask = 2147483647;
			files = (
				F5F4010D3028000100000001 /* Supabase in Frameworks */,
			);
			runOnlyForDeploymentPostprocessing = 0;
		};
		F5A43A852FFFE85100F9D3AF /* Frameworks */ = {
			isa = PBXFrameworksBuildPhase;
			buildActionMask = 2147483647;
			files = (
			);
			runOnlyForDeploymentPostprocessing = 0;
		};
		F5A43A8F2FFFE85100F9D3AF /* Frameworks */ = {
			isa = PBXFrameworksBuildPhase;
			buildActionMask = 2147483647;
			files = (
			);
			runOnlyForDeploymentPostprocessing = 0;
		};
/* End PBXFrameworksBuildPhase section */

/* Begin PBXGroup section */
		F5795CD93017BBA40011040E /* Resources */ = {
			isa = PBXGroup;
			children = (
				F5795CDD3018BA2B0011040E /* Models */,
				F5E41004301B100100000001 /* Sounds */,
			);
			path = Resources;
			sourceTree = "<group>";
		};
		F5A43A6F2FFFE85000F9D3AF = {
			isa = PBXGroup;
			children = (
				F5F100093025000100000001 /* Configurations */,
				F5A43A7A2FFFE85000F9D3AF /* Toss */,
				F5A43A8B2FFFE85100F9D3AF /* TossTests */,
				F5A43A952FFFE85100F9D3AF /* TossUITests */,
				F5A43A792FFFE85000F9D3AF /* Products */,
			);
			sourceTree = "<group>";
		};
		F5A43A792FFFE85000F9D3AF /* Products */ = {
			isa = PBXGroup;
			children = (
				F5A43A782FFFE85000F9D3AF /* Toss.app */,
				F5A43A882FFFE85100F9D3AF /* TossTests.xctest */,
				F5A43A922FFFE85100F9D3AF /* TossUITests.xctest */,
			);
			name = Products;
			sourceTree = "<group>";
		};
		F5A43A7A2FFFE85000F9D3AF /* Toss */ = {
			isa = PBXGroup;
			children = (
				F604000230F1000100000001 /* LaunchScreen.storyboard */,
				F5F100083025000100000001 /* Configuration */,
				F5795CD93017BBA40011040E /* Resources */,
				F5A43AB02FFFE90000F9D3AF /* App */,
				F5A43AB12FFFE90000F9D3AF /* Views */,
				F5A43AB22FFFE90000F9D3AF /* Components */,
				F5A43AB32FFFE90000F9D3AF /* Models */,
				F5A43AB42FFFE90000F9D3AF /* ViewModels */,
				F5A43AB52FFFE90000F9D3AF /* Services */,
				F5F401103028000100000001 /* Repositories */,
				F5F5010C3035000100000001 /* Stores */,
				F5F5010B3035000100000001 /* Toss.entitlements */,
				F5A43A7F2FFFE85100F9D3AF /* Assets.xcassets */,
				F5A43A812FFFE85100F9D3AF /* Preview Content */,
			);
			path = Toss;
			sourceTree = "<group>";
		};
		F5A43A812FFFE85100F9D3AF /* Preview Content */ = {
			isa = PBXGroup;
			children = (
				F5A43A822FFFE85100F9D3AF /* Preview Assets.xcassets */,
			);
			path = "Preview Content";
			sourceTree = "<group>";
		};
		F5F100083025000100000001 /* Configuration */ = {
			isa = PBXGroup;
			children = (
				F5F100033025000100000001 /* SupabaseConfiguration.swift */,
				F605000430F2000100000001 /* DistributionProfile.swift */,
				F605000630F2000100000001 /* DistributionProfileStore.swift */,
				F605000830F2000100000001 /* DistributionProfileResolver.swift */,
			);
			path = Configuration;
			sourceTree = "<group>";
		};
		F5F100093025000100000001 /* Configurations */ = {
			isa = PBXGroup;
			children = (
				F5F100053025000100000001 /* Debug.xcconfig */,
				F5F100063025000100000001 /* Release.xcconfig */,
				F5F100073025000100000001 /* LocalSecrets.xcconfig.example */,
			);
			path = Configurations;
			sourceTree = "<group>";
		};
		F5A43A8B2FFFE85100F9D3AF /* TossTests */ = {
			isa = PBXGroup;
			children = (
				F5A43A8C2FFFE85100F9D3AF /* TossTests.swift */,
				F5F100013025000100000001 /* SupabaseConfigurationTests.swift */,
				F605000230F2000100000001 /* DistributionProfileResolverTests.swift */,
				F606000230F2100100000001 /* LaunchProfilePresentationTests.swift */,
				F607000230F2200100000001 /* ClassicSettingsViewModelTests.swift */,
				F5F400023028000100000001 /* AccountStoreTests.swift */,
				F5F400043028000100000001 /* AccountTestDoubles.swift */,
				F5F500023035000100000001 /* NonceGeneratorTests.swift */,
				F5F500043035000100000001 /* NativeAppleSignInServiceTests.swift */,
				F5F500063035000100000001 /* SupabaseAccountAuthServiceTests.swift */,
				F5F600023036000100000001 /* AuthSessionStorageTests.swift */,
				F5F700023040000100000001 /* SupabaseClientGenerationTests.swift */,
				F5F704023040000100000001 /* TestDoubleIsolationTests.swift */,
				F5F800023050000100000001 /* AccountSyncTests.swift */,
				F5F900023060000100000001 /* AccountViewModelTests.swift */,
				F5FA00023070000100000001 /* AccountDeletionTests.swift */,
				F5FB00023080000100000001 /* SelectedCoinPreferenceRepositoryTests.swift */,
				F5FC00023090000100000001 /* CoinCatalogRepositoryTests.swift */,
				F5FC00043090000100000001 /* CoinCatalogCacheTests.swift */,
				F5FD000230A0000100000001 /* CoinAssetCacheTests.swift */,
				F600000230C0000100000001 /* CoinLibraryViewModelTests.swift */,
				F5FE000230B0000100000001 /* CoinSelectionStoreTests.swift */,
				F601000230D0000100000001 /* CoinModelPrototypeCacheTests.swift */,
				F602000230E0000100000001 /* CoinPreviewImageCacheTests.swift */,
				F603000230F0000100000001 /* TossVisualStyleTests.swift */,
			);
			path = TossTests;
			sourceTree = "<group>";
		};
		F5A43A952FFFE85100F9D3AF /* TossUITests */ = {
			isa = PBXGroup;
			children = (
				F5A43A962FFFE85100F9D3AF /* TossUITests.swift */,
				F5A43A982FFFE85100F9D3AF /* TossUITestsLaunchTests.swift */,
			);
			path = TossUITests;
			sourceTree = "<group>";
		};
		F5A43AB02FFFE90000F9D3AF /* App */ = {
			isa = PBXGroup;
			children = (
				F5A43A7B2FFFE85000F9D3AF /* TossApp.swift */,
				F5F401023028000100000001 /* AppEnvironment.swift */,
				F5F401043028000100000001 /* AppDependencies.swift */,
			);
			path = App;
			sourceTree = "<group>";
		};
		F5A43AB12FFFE90000F9D3AF /* Views */ = {
			isa = PBXGroup;
			children = (
				F5A43A7D2FFFE85000F9D3AF /* ContentView.swift */,
				F5F911023060000100000001 /* AppRootView.swift */,
				F606000430F2100100000001 /* AppBootstrapView.swift */,
				F606000630F2100100000001 /* DistributionProfileChoiceView.swift */,
				F606000830F2100100000001 /* MainlandClassicRootView.swift */,
				F607000630F2200100000001 /* ClassicSettingsSheetView.swift */,
				F5F912023060000100000001 /* AccountSheetView.swift */,
				F5F913023060000100000001 /* GuestAccountView.swift */,
				F5F914023060000100000001 /* AuthenticatedAccountView.swift */,
				F600000630C0000100000001 /* CoinLibraryView.swift */,
				F600000830C0000100000001 /* CoinLibraryCard.swift */,
			);
			path = Views;
			sourceTree = "<group>";
		};
		F5A43AB22FFFE90000F9D3AF /* Components */ = {
			isa = PBXGroup;
			children = (
				F5A43AC22FFFEA0000F9D3AF /* CoinView.swift */,
				F5C02A0930190851001D0A7E /* Coin3DView.swift */,
				F5C02A0B30190851001D0A7E /* CoinDisplayLayer.swift */,
				F601000430D0000100000001 /* CoinModelPrototypeCache.swift */,
				F602000430E0000100000001 /* CoinPreviewImageCache.swift */,
				F603000430F0000100000001 /* TossVisualStyle.swift */,
				F5B53001301C000100000001 /* TossBackground.swift */,
				F5A43ABE2FFFEA0000F9D3AF /* CoinFront.swift */,
				F5A43AC02FFFEA0000F9D3AF /* CoinBack.swift */,
				F5A43ABA2FFFEA0000F9D3AF /* CoinMaterial.swift */,
				F5A43ABC2FFFEA0000F9D3AF /* CoinShadow.swift */,
				F5A43AB82FFFEA0000F9D3AF /* CoinTheme.swift */,
				F5A43AB62FFFEA0000F9D3AF /* CoinSide.swift */,
			);
			path = Components;
			sourceTree = "<group>";
		};
		F5A43AB32FFFE90000F9D3AF /* Models */ = {
			isa = PBXGroup;
			children = (
				F5A43AC42FFFEA1000F9D3AF /* CoinTossState.swift */,
				F5C02A0D30190851001D0A7E /* TossGestureEvent.swift */,
				F5C02A0F30190851001D0A7E /* CoinTossMotion.swift */,
				F5D33A01301A000100000001 /* TossResult.swift */,
				F5F401063028000100000001 /* AccountSession.swift */,
				F5F810023050000100000001 /* UserProfile.swift */,
				F5F811023050000100000001 /* UserPreferences.swift */,
				F5FC00063090000100000001 /* CoinCatalogItem.swift */,
			);
			path = Models;
			sourceTree = "<group>";
		};
		F5A43AB42FFFE90000F9D3AF /* ViewModels */ = {
			isa = PBXGroup;
			children = (
				F607000430F2200100000001 /* ClassicSettingsViewModel.swift */,
				F5A43AC62FFFEA1000F9D3AF /* CoinTossViewModel.swift */,
				F5F910023060000100000001 /* AccountViewModel.swift */,
				F600000430C0000100000001 /* CoinLibraryViewModel.swift */,
			);
			path = ViewModels;
			sourceTree = "<group>";
		};
		F5A43AB52FFFE90000F9D3AF /* Services */ = {
			isa = PBXGroup;
			children = (
				F5C02A1130190851001D0A7E /* TossDebugLog.swift */,
				F5E41002301B100100000001 /* SoundManager.swift */,
				F5E41006301B200100000001 /* HapticManager.swift */,
				F5F401083028000100000001 /* AccountAuthServicing.swift */,
				F5F4010C3028000100000001 /* AccountDeletionServicing.swift */,
				F5FA00043070000100000001 /* AccountDeletionRequestStore.swift */,
				F5FA00063070000100000001 /* SupabaseAccountDeletionService.swift */,
				F5F501023035000100000001 /* NonceGenerator.swift */,
				F5F501043035000100000001 /* AppleSignInServicing.swift */,
				F5F501063035000100000001 /* NativeAppleSignInService.swift */,
				F5F501083035000100000001 /* SupabaseAccountAuthService.swift */,
				F5F601023036000100000001 /* KeychainAuthLocalStorage.swift */,
				F5F701023040000100000001 /* GenerationBoundAuthLocalStorage.swift */,
				F5F702023040000100000001 /* SupabaseClientGeneration.swift */,
				F5F703023040000100000001 /* SupabaseClientGenerationProvider.swift */,
				F5F815023050000100000001 /* AccountSyncCoordinator.swift */,
				F5FB00043080000100000001 /* SelectedCoinPreferenceServicing.swift */,
				F5FB00063080000100000001 /* SupabaseSelectedCoinPreferenceRepository.swift */,
				F5FC00083090000100000001 /* CoinCatalogServicing.swift */,
				F5FC000A3090000100000001 /* SupabaseCoinCatalogRepository.swift */,
				F5FC000C3090000100000001 /* CoinCatalogCache.swift */,
				F5FD000430A0000100000001 /* CoinAssetCaching.swift */,
				F5FD000630A0000100000001 /* CoinAssetCache.swift */,
				F5FD000830A0000100000001 /* CoinFileDownloader.swift */,
				F5FE000430B0000100000001 /* CoinSelectionStore.swift */,
			);
			path = Services;
			sourceTree = "<group>";
		};
		F5F401103028000100000001 /* Repositories */ = {
			isa = PBXGroup;
			children = (
				F5F4010A3028000100000001 /* AccountRepositories.swift */,
				F5F812023050000100000001 /* SupabaseUserProfileRepository.swift */,
				F5F813023050000100000001 /* SupabaseUserPreferencesRepository.swift */,
			);
			path = Repositories;
			sourceTree = "<group>";
		};
		F5F5010C3035000100000001 /* Stores */ = {
			isa = PBXGroup;
			children = (
				F5F5010A3035000100000001 /* AccountStore.swift */,
				F5F814023050000100000001 /* LocalPreferencesStore.swift */,
			);
			path = Stores;
			sourceTree = "<group>";
		};
/* End PBXGroup section */

/* Begin PBXNativeTarget section */
		F5A43A772FFFE85000F9D3AF /* Toss */ = {
			isa = PBXNativeTarget;
			buildConfigurationList = F5A43A9C2FFFE85100F9D3AF /* Build configuration list for PBXNativeTarget "Toss" */;
			buildPhases = (
				F5A43A742FFFE85000F9D3AF /* Sources */,
				F5A43A752FFFE85000F9D3AF /* Frameworks */,
				F5A43A762FFFE85000F9D3AF /* Resources */,
			);
			buildRules = (
			);
			dependencies = (
			);
			name = Toss;
			packageProductDependencies = (
				F5F4010F3028000100000001 /* Supabase */,
			);
			productName = Toss;
			productReference = F5A43A782FFFE85000F9D3AF /* Toss.app */;
			productType = "com.apple.product-type.application";
		};
		F5A43A872FFFE85100F9D3AF /* TossTests */ = {
			isa = PBXNativeTarget;
			buildConfigurationList = F5A43A9F2FFFE85100F9D3AF /* Build configuration list for PBXNativeTarget "TossTests" */;
			buildPhases = (
				F5A43A842FFFE85100F9D3AF /* Sources */,
				F5A43A852FFFE85100F9D3AF /* Frameworks */,
				F5A43A862FFFE85100F9D3AF /* Resources */,
			);
			buildRules = (
			);
			dependencies = (
				F5A43A8A2FFFE85100F9D3AF /* PBXTargetDependency */,
			);
			name = TossTests;
			productName = TossTests;
			productReference = F5A43A882FFFE85100F9D3AF /* TossTests.xctest */;
			productType = "com.apple.product-type.bundle.unit-test";
		};
		F5A43A912FFFE85100F9D3AF /* TossUITests */ = {
			isa = PBXNativeTarget;
			buildConfigurationList = F5A43AA22FFFE85100F9D3AF /* Build configuration list for PBXNativeTarget "TossUITests" */;
			buildPhases = (
				F5A43A8E2FFFE85100F9D3AF /* Sources */,
				F5A43A8F2FFFE85100F9D3AF /* Frameworks */,
				F5A43A902FFFE85100F9D3AF /* Resources */,
			);
			buildRules = (
			);
			dependencies = (
				F5A43A942FFFE85100F9D3AF /* PBXTargetDependency */,
			);
			name = TossUITests;
			productName = TossUITests;
			productReference = F5A43A922FFFE85100F9D3AF /* TossUITests.xctest */;
			productType = "com.apple.product-type.bundle.ui-testing";
		};
/* End PBXNativeTarget section */

/* Begin PBXProject section */
		F5A43A702FFFE85000F9D3AF /* Project object */ = {
			isa = PBXProject;
			attributes = {
				BuildIndependentTargetsInParallel = 1;
				LastSwiftUpdateCheck = 1540;
				LastUpgradeCheck = 1540;
				TargetAttributes = {
					F5A43A772FFFE85000F9D3AF = {
						CreatedOnToolsVersion = 15.4;
					};
					F5A43A872FFFE85100F9D3AF = {
						CreatedOnToolsVersion = 15.4;
						TestTargetID = F5A43A772FFFE85000F9D3AF;
					};
					F5A43A912FFFE85100F9D3AF = {
						CreatedOnToolsVersion = 15.4;
						TestTargetID = F5A43A772FFFE85000F9D3AF;
					};
				};
			};
			buildConfigurationList = F5A43A732FFFE85000F9D3AF /* Build configuration list for PBXProject "Toss" */;
			compatibilityVersion = "Xcode 14.0";
			developmentRegion = en;
			hasScannedForEncodings = 0;
			knownRegions = (
				en,
				Base,
			);
			mainGroup = F5A43A6F2FFFE85000F9D3AF;
			packageReferences = (
				F5F4010E3028000100000001 /* XCRemoteSwiftPackageReference "supabase-swift" */,
			);
			productRefGroup = F5A43A792FFFE85000F9D3AF /* Products */;
			projectDirPath = "";
			projectRoot = "";
			targets = (
				F5A43A772FFFE85000F9D3AF /* Toss */,
				F5A43A872FFFE85100F9D3AF /* TossTests */,
				F5A43A912FFFE85100F9D3AF /* TossUITests */,
			);
		};
/* End PBXProject section */

/* Begin PBXResourcesBuildPhase section */
		F5A43A762FFFE85000F9D3AF /* Resources */ = {
			isa = PBXResourcesBuildPhase;
			buildActionMask = 2147483647;
			files = (
				F604000130F1000100000001 /* LaunchScreen.storyboard in Resources */,
				F5795CDE3018BA2B0011040E /* Models in Resources */,
				F5E41003301B100100000001 /* Sounds in Resources */,
				F5A43A832FFFE85100F9D3AF /* Preview Assets.xcassets in Resources */,
				F5A43A802FFFE85100F9D3AF /* Assets.xcassets in Resources */,
			);
			runOnlyForDeploymentPostprocessing = 0;
		};
		F5A43A862FFFE85100F9D3AF /* Resources */ = {
			isa = PBXResourcesBuildPhase;
			buildActionMask = 2147483647;
			files = (
			);
			runOnlyForDeploymentPostprocessing = 0;
		};
		F5A43A902FFFE85100F9D3AF /* Resources */ = {
			isa = PBXResourcesBuildPhase;
			buildActionMask = 2147483647;
			files = (
			);
			runOnlyForDeploymentPostprocessing = 0;
		};
/* End PBXResourcesBuildPhase section */

/* Begin PBXSourcesBuildPhase section */
		F5A43A742FFFE85000F9D3AF /* Sources */ = {
			isa = PBXSourcesBuildPhase;
			buildActionMask = 2147483647;
			files = (
				F5F100043025000100000001 /* SupabaseConfiguration.swift in Sources */,
				F606000330F2100100000001 /* AppBootstrapView.swift in Sources */,
				F606000530F2100100000001 /* DistributionProfileChoiceView.swift in Sources */,
				F606000730F2100100000001 /* MainlandClassicRootView.swift in Sources */,
				F607000330F2200100000001 /* ClassicSettingsViewModel.swift in Sources */,
				F607000530F2200100000001 /* ClassicSettingsSheetView.swift in Sources */,
				F605000330F2000100000001 /* DistributionProfile.swift in Sources */,
				F605000530F2000100000001 /* DistributionProfileStore.swift in Sources */,
				F605000730F2000100000001 /* DistributionProfileResolver.swift in Sources */,
				F5A43AC12FFFEA0000F9D3AF /* CoinBack.swift in Sources */,
				F5A43AB92FFFEA0000F9D3AF /* CoinTheme.swift in Sources */,
				F5A43ABF2FFFEA0000F9D3AF /* CoinFront.swift in Sources */,
				F5A43A7E2FFFE85000F9D3AF /* ContentView.swift in Sources */,
				F5A43AB72FFFEA0000F9D3AF /* CoinSide.swift in Sources */,
				F5A43AC52FFFEA1000F9D3AF /* CoinTossState.swift in Sources */,
				F5A43AC32FFFEA0000F9D3AF /* CoinView.swift in Sources */,
				F5C02A0A30190851001D0A7E /* Coin3DView.swift in Sources */,
				F5C02A0C30190851001D0A7E /* CoinDisplayLayer.swift in Sources */,
				F5B53002301C000100000001 /* TossBackground.swift in Sources */,
				F5A43ABB2FFFEA0000F9D3AF /* CoinMaterial.swift in Sources */,
				F5C02A0E30190851001D0A7E /* TossGestureEvent.swift in Sources */,
				F5A43AC72FFFEA1000F9D3AF /* CoinTossViewModel.swift in Sources */,
				F5C02A1030190851001D0A7E /* CoinTossMotion.swift in Sources */,
				F5A43A7C2FFFE85000F9D3AF /* TossApp.swift in Sources */,
				F5D33A02301A000100000001 /* TossResult.swift in Sources */,
				F5C02A1230190851001D0A7E /* TossDebugLog.swift in Sources */,
				F5E41001301B100100000001 /* SoundManager.swift in Sources */,
				F5E41005301B200100000001 /* HapticManager.swift in Sources */,
				F5A43ABD2FFFEA0000F9D3AF /* CoinShadow.swift in Sources */,
				F5F401013028000100000001 /* AppEnvironment.swift in Sources */,
				F5F401033028000100000001 /* AppDependencies.swift in Sources */,
				F5F401053028000100000001 /* AccountSession.swift in Sources */,
				F5F401073028000100000001 /* AccountAuthServicing.swift in Sources */,
				F5F401093028000100000001 /* AccountRepositories.swift in Sources */,
				F5F4010B3028000100000001 /* AccountDeletionServicing.swift in Sources */,
				F5FA00033070000100000001 /* AccountDeletionRequestStore.swift in Sources */,
				F5FA00053070000100000001 /* SupabaseAccountDeletionService.swift in Sources */,
				F5F501013035000100000001 /* NonceGenerator.swift in Sources */,
				F5F501033035000100000001 /* AppleSignInServicing.swift in Sources */,
				F5F501053035000100000001 /* NativeAppleSignInService.swift in Sources */,
				F5F501073035000100000001 /* SupabaseAccountAuthService.swift in Sources */,
				F5F601013036000100000001 /* KeychainAuthLocalStorage.swift in Sources */,
				F5F701013040000100000001 /* GenerationBoundAuthLocalStorage.swift in Sources */,
				F5F702013040000100000001 /* SupabaseClientGeneration.swift in Sources */,
				F5F703013040000100000001 /* SupabaseClientGenerationProvider.swift in Sources */,
				F5F501093035000100000001 /* AccountStore.swift in Sources */,
				F5F810013050000100000001 /* UserProfile.swift in Sources */,
				F5F811013050000100000001 /* UserPreferences.swift in Sources */,
				F5FC00053090000100000001 /* CoinCatalogItem.swift in Sources */,
				F5F812013050000100000001 /* SupabaseUserProfileRepository.swift in Sources */,
				F5F813013050000100000001 /* SupabaseUserPreferencesRepository.swift in Sources */,
				F5F814013050000100000001 /* LocalPreferencesStore.swift in Sources */,
				F5F815013050000100000001 /* AccountSyncCoordinator.swift in Sources */,
				F5FB00033080000100000001 /* SelectedCoinPreferenceServicing.swift in Sources */,
				F5FB00053080000100000001 /* SupabaseSelectedCoinPreferenceRepository.swift in Sources */,
				F5FC00073090000100000001 /* CoinCatalogServicing.swift in Sources */,
				F5FC00093090000100000001 /* SupabaseCoinCatalogRepository.swift in Sources */,
				F5FC000B3090000100000001 /* CoinCatalogCache.swift in Sources */,
				F5FD000330A0000100000001 /* CoinAssetCaching.swift in Sources */,
				F5FD000530A0000100000001 /* CoinAssetCache.swift in Sources */,
				F5FD000730A0000100000001 /* CoinFileDownloader.swift in Sources */,
				F601000330D0000100000001 /* CoinModelPrototypeCache.swift in Sources */,
				F602000330E0000100000001 /* CoinPreviewImageCache.swift in Sources */,
				F603000330F0000100000001 /* TossVisualStyle.swift in Sources */,
				F5FE000330B0000100000001 /* CoinSelectionStore.swift in Sources */,
				F600000330C0000100000001 /* CoinLibraryViewModel.swift in Sources */,
				F600000530C0000100000001 /* CoinLibraryView.swift in Sources */,
				F600000730C0000100000001 /* CoinLibraryCard.swift in Sources */,
				F5F910013060000100000001 /* AccountViewModel.swift in Sources */,
				F5F911013060000100000001 /* AppRootView.swift in Sources */,
				F5F912013060000100000001 /* AccountSheetView.swift in Sources */,
				F5F913013060000100000001 /* GuestAccountView.swift in Sources */,
				F5F914013060000100000001 /* AuthenticatedAccountView.swift in Sources */,
			);
			runOnlyForDeploymentPostprocessing = 0;
		};
		F5A43A842FFFE85100F9D3AF /* Sources */ = {
			isa = PBXSourcesBuildPhase;
			buildActionMask = 2147483647;
			files = (
				F5A43A8D2FFFE85100F9D3AF /* TossTests.swift in Sources */,
				F5F100023025000100000001 /* SupabaseConfigurationTests.swift in Sources */,
				F605000130F2000100000001 /* DistributionProfileResolverTests.swift in Sources */,
				F606000130F2100100000001 /* LaunchProfilePresentationTests.swift in Sources */,
				F607000130F2200100000001 /* ClassicSettingsViewModelTests.swift in Sources */,
				F5F400013028000100000001 /* AccountStoreTests.swift in Sources */,
				F5F400033028000100000001 /* AccountTestDoubles.swift in Sources */,
				F5F500013035000100000001 /* NonceGeneratorTests.swift in Sources */,
				F5F500033035000100000001 /* NativeAppleSignInServiceTests.swift in Sources */,
				F5F500053035000100000001 /* SupabaseAccountAuthServiceTests.swift in Sources */,
				F5F600013036000100000001 /* AuthSessionStorageTests.swift in Sources */,
				F5F700013040000100000001 /* SupabaseClientGenerationTests.swift in Sources */,
				F5F704013040000100000001 /* TestDoubleIsolationTests.swift in Sources */,
				F5F800013050000100000001 /* AccountSyncTests.swift in Sources */,
				F5F900013060000100000001 /* AccountViewModelTests.swift in Sources */,
				F5FA00013070000100000001 /* AccountDeletionTests.swift in Sources */,
				F5FB00013080000100000001 /* SelectedCoinPreferenceRepositoryTests.swift in Sources */,
				F5FC00013090000100000001 /* CoinCatalogRepositoryTests.swift in Sources */,
				F5FC00033090000100000001 /* CoinCatalogCacheTests.swift in Sources */,
				F5FD000130A0000100000001 /* CoinAssetCacheTests.swift in Sources */,
				F600000130C0000100000001 /* CoinLibraryViewModelTests.swift in Sources */,
				F5FE000130B0000100000001 /* CoinSelectionStoreTests.swift in Sources */,
				F601000130D0000100000001 /* CoinModelPrototypeCacheTests.swift in Sources */,
				F602000130E0000100000001 /* CoinPreviewImageCacheTests.swift in Sources */,
				F603000130F0000100000001 /* TossVisualStyleTests.swift in Sources */,
			);
			runOnlyForDeploymentPostprocessing = 0;
		};
		F5A43A8E2FFFE85100F9D3AF /* Sources */ = {
			isa = PBXSourcesBuildPhase;
			buildActionMask = 2147483647;
			files = (
				F5A43A972FFFE85100F9D3AF /* TossUITests.swift in Sources */,
				F5A43A992FFFE85100F9D3AF /* TossUITestsLaunchTests.swift in Sources */,
			);
			runOnlyForDeploymentPostprocessing = 0;
		};
/* End PBXSourcesBuildPhase section */

/* Begin PBXTargetDependency section */
		F5A43A8A2FFFE85100F9D3AF /* PBXTargetDependency */ = {
			isa = PBXTargetDependency;
			target = F5A43A772FFFE85000F9D3AF /* Toss */;
			targetProxy = F5A43A892FFFE85100F9D3AF /* PBXContainerItemProxy */;
		};
		F5A43A942FFFE85100F9D3AF /* PBXTargetDependency */ = {
			isa = PBXTargetDependency;
			target = F5A43A772FFFE85000F9D3AF /* Toss */;
			targetProxy = F5A43A932FFFE85100F9D3AF /* PBXContainerItemProxy */;
		};
/* End PBXTargetDependency section */

/* Begin XCRemoteSwiftPackageReference section */
		F5F4010E3028000100000001 /* XCRemoteSwiftPackageReference "supabase-swift" */ = {
			isa = XCRemoteSwiftPackageReference;
			repositoryURL = "https://github.com/supabase/supabase-swift.git";
			requirement = {
				kind = upToNextMajorVersion;
				minimumVersion = 2.0.0;
			};
		};
/* End XCRemoteSwiftPackageReference section */

/* Begin XCSwiftPackageProductDependency section */
		F5F4010F3028000100000001 /* Supabase */ = {
			isa = XCSwiftPackageProductDependency;
			package = F5F4010E3028000100000001 /* XCRemoteSwiftPackageReference "supabase-swift" */;
			productName = Supabase;
		};
/* End XCSwiftPackageProductDependency section */

/* Begin XCBuildConfiguration section */
		F5A43A9A2FFFE85100F9D3AF /* Debug */ = {
			isa = XCBuildConfiguration;
			buildSettings = {
				ALWAYS_SEARCH_USER_PATHS = NO;
				ASSETCATALOG_COMPILER_GENERATE_SWIFT_ASSET_SYMBOL_EXTENSIONS = YES;
				CLANG_ANALYZER_NONNULL = YES;
				CLANG_ANALYZER_NUMBER_OBJECT_CONVERSION = YES_AGGRESSIVE;
				CLANG_CXX_LANGUAGE_STANDARD = "gnu++20";
				CLANG_ENABLE_MODULES = YES;
				CLANG_ENABLE_OBJC_ARC = YES;
				CLANG_ENABLE_OBJC_WEAK = YES;
				CLANG_WARN_BLOCK_CAPTURE_AUTORELEASING = YES;
				CLANG_WARN_BOOL_CONVERSION = YES;
				CLANG_WARN_COMMA = YES;
				CLANG_WARN_CONSTANT_CONVERSION = YES;
				CLANG_WARN_DEPRECATED_OBJC_IMPLEMENTATIONS = YES;
				CLANG_WARN_DIRECT_OBJC_ISA_USAGE = YES_ERROR;
				CLANG_WARN_DOCUMENTATION_COMMENTS = YES;
				CLANG_WARN_EMPTY_BODY = YES;
				CLANG_WARN_ENUM_CONVERSION = YES;
				CLANG_WARN_INFINITE_RECURSION = YES;
				CLANG_WARN_INT_CONVERSION = YES;
				CLANG_WARN_NON_LITERAL_NULL_CONVERSION = YES;
				CLANG_WARN_OBJC_IMPLICIT_RETAIN_SELF = YES;
				CLANG_WARN_OBJC_LITERAL_CONVERSION = YES;
				CLANG_WARN_OBJC_ROOT_CLASS = YES_ERROR;
				CLANG_WARN_QUOTED_INCLUDE_IN_FRAMEWORK_HEADER = YES;
				CLANG_WARN_RANGE_LOOP_ANALYSIS = YES;
				CLANG_WARN_STRICT_PROTOTYPES = YES;
				CLANG_WARN_SUSPICIOUS_MOVE = YES;
				CLANG_WARN_UNGUARDED_AVAILABILITY = YES_AGGRESSIVE;
				CLANG_WARN_UNREACHABLE_CODE = YES;
				CLANG_WARN__DUPLICATE_METHOD_MATCH = YES;
				COPY_PHASE_STRIP = NO;
				DEBUG_INFORMATION_FORMAT = dwarf;
				ENABLE_STRICT_OBJC_MSGSEND = YES;
				ENABLE_TESTABILITY = YES;
				ENABLE_USER_SCRIPT_SANDBOXING = YES;
				GCC_C_LANGUAGE_STANDARD = gnu17;
				GCC_DYNAMIC_NO_PIC = NO;
				GCC_NO_COMMON_BLOCKS = YES;
				GCC_OPTIMIZATION_LEVEL = 0;
				GCC_PREPROCESSOR_DEFINITIONS = (
					"DEBUG=1",
					"$(inherited)",
				);
				GCC_WARN_64_TO_32_BIT_CONVERSION = YES;
				GCC_WARN_ABOUT_RETURN_TYPE = YES_ERROR;
				GCC_WARN_UNDECLARED_SELECTOR = YES;
				GCC_WARN_UNINITIALIZED_AUTOS = YES_AGGRESSIVE;
				GCC_WARN_UNUSED_FUNCTION = YES;
				GCC_WARN_UNUSED_VARIABLE = YES;
				IPHONEOS_DEPLOYMENT_TARGET = 17.5;
				LOCALIZATION_PREFERS_STRING_CATALOGS = YES;
				MTL_ENABLE_DEBUG_INFO = INCLUDE_SOURCE;
				MTL_FAST_MATH = YES;
				ONLY_ACTIVE_ARCH = YES;
				SDKROOT = iphoneos;
				SWIFT_ACTIVE_COMPILATION_CONDITIONS = "DEBUG $(inherited)";
				SWIFT_OPTIMIZATION_LEVEL = "-Onone";
			};
			name = Debug;
		};
		F5A43A9B2FFFE85100F9D3AF /* Release */ = {
			isa = XCBuildConfiguration;
			buildSettings = {
				ALWAYS_SEARCH_USER_PATHS = NO;
				ASSETCATALOG_COMPILER_GENERATE_SWIFT_ASSET_SYMBOL_EXTENSIONS = YES;
				CLANG_ANALYZER_NONNULL = YES;
				CLANG_ANALYZER_NUMBER_OBJECT_CONVERSION = YES_AGGRESSIVE;
				CLANG_CXX_LANGUAGE_STANDARD = "gnu++20";
				CLANG_ENABLE_MODULES = YES;
				CLANG_ENABLE_OBJC_ARC = YES;
				CLANG_ENABLE_OBJC_WEAK = YES;
				CLANG_WARN_BLOCK_CAPTURE_AUTORELEASING = YES;
				CLANG_WARN_BOOL_CONVERSION = YES;
				CLANG_WARN_COMMA = YES;
				CLANG_WARN_CONSTANT_CONVERSION = YES;
				CLANG_WARN_DEPRECATED_OBJC_IMPLEMENTATIONS = YES;
				CLANG_WARN_DIRECT_OBJC_ISA_USAGE = YES_ERROR;
				CLANG_WARN_DOCUMENTATION_COMMENTS = YES;
				CLANG_WARN_EMPTY_BODY = YES;
				CLANG_WARN_ENUM_CONVERSION = YES;
				CLANG_WARN_INFINITE_RECURSION = YES;
				CLANG_WARN_INT_CONVERSION = YES;
				CLANG_WARN_NON_LITERAL_NULL_CONVERSION = YES;
				CLANG_WARN_OBJC_IMPLICIT_RETAIN_SELF = YES;
				CLANG_WARN_OBJC_LITERAL_CONVERSION = YES;
				CLANG_WARN_OBJC_ROOT_CLASS = YES_ERROR;
				CLANG_WARN_QUOTED_INCLUDE_IN_FRAMEWORK_HEADER = YES;
				CLANG_WARN_RANGE_LOOP_ANALYSIS = YES;
				CLANG_WARN_STRICT_PROTOTYPES = YES;
				CLANG_WARN_SUSPICIOUS_MOVE = YES;
				CLANG_WARN_UNGUARDED_AVAILABILITY = YES_AGGRESSIVE;
				CLANG_WARN_UNREACHABLE_CODE = YES;
				CLANG_WARN__DUPLICATE_METHOD_MATCH = YES;
				COPY_PHASE_STRIP = NO;
				DEBUG_INFORMATION_FORMAT = "dwarf-with-dsym";
				ENABLE_NS_ASSERTIONS = NO;
				ENABLE_STRICT_OBJC_MSGSEND = YES;
				ENABLE_USER_SCRIPT_SANDBOXING = YES;
				GCC_C_LANGUAGE_STANDARD = gnu17;
				GCC_NO_COMMON_BLOCKS = YES;
				GCC_WARN_64_TO_32_BIT_CONVERSION = YES;
				GCC_WARN_ABOUT_RETURN_TYPE = YES_ERROR;
				GCC_WARN_UNDECLARED_SELECTOR = YES;
				GCC_WARN_UNINITIALIZED_AUTOS = YES_AGGRESSIVE;
				GCC_WARN_UNUSED_FUNCTION = YES;
				GCC_WARN_UNUSED_VARIABLE = YES;
				IPHONEOS_DEPLOYMENT_TARGET = 17.5;
				LOCALIZATION_PREFERS_STRING_CATALOGS = YES;
				MTL_ENABLE_DEBUG_INFO = NO;
				MTL_FAST_MATH = YES;
				SDKROOT = iphoneos;
				SWIFT_COMPILATION_MODE = wholemodule;
				VALIDATE_PRODUCT = YES;
			};
			name = Release;
		};
		F5A43A9D2FFFE85100F9D3AF /* Debug */ = {
			isa = XCBuildConfiguration;
			baseConfigurationReference = F5F100053025000100000001 /* Debug.xcconfig */;
			buildSettings = {
				ASSETCATALOG_COMPILER_APPICON_NAME = AppIcon;
				ASSETCATALOG_COMPILER_GLOBAL_ACCENT_COLOR_NAME = AccentColor;
				CODE_SIGN_STYLE = Automatic;
				CODE_SIGN_ENTITLEMENTS = Toss/Toss.entitlements;
				CURRENT_PROJECT_VERSION = 3;
				DEVELOPMENT_ASSET_PATHS = "\"Toss/Preview Content\"";
				DEVELOPMENT_TEAM = 36ZQWSGBJ4;
				ENABLE_PREVIEWS = YES;
				GENERATE_INFOPLIST_FILE = YES;
				INFOPLIST_FILE = Toss/Info.plist;
				INFOPLIST_KEY_UIApplicationSceneManifest_Generation = YES;
				INFOPLIST_KEY_UIApplicationSupportsIndirectInputEvents = YES;
				INFOPLIST_KEY_UISupportedInterfaceOrientations_iPad = "UIInterfaceOrientationPortrait UIInterfaceOrientationPortraitUpsideDown UIInterfaceOrientationLandscapeLeft UIInterfaceOrientationLandscapeRight";
				INFOPLIST_KEY_UISupportedInterfaceOrientations_iPhone = "UIInterfaceOrientationPortrait UIInterfaceOrientationLandscapeLeft UIInterfaceOrientationLandscapeRight";
				LD_RUNPATH_SEARCH_PATHS = (
					"$(inherited)",
					"@executable_path/Frameworks",
				);
				MARKETING_VERSION = 1.0;
				PRODUCT_BUNDLE_IDENTIFIER = com.zhaoheng.Toss;
				PRODUCT_NAME = "$(TARGET_NAME)";
				SWIFT_EMIT_LOC_STRINGS = YES;
				SWIFT_VERSION = 5.0;
				TARGETED_DEVICE_FAMILY = "1,2";
			};
			name = Debug;
		};
		F5A43A9E2FFFE85100F9D3AF /* Release */ = {
			isa = XCBuildConfiguration;
			baseConfigurationReference = F5F100063025000100000001 /* Release.xcconfig */;
			buildSettings = {
				ASSETCATALOG_COMPILER_APPICON_NAME = AppIcon;
				ASSETCATALOG_COMPILER_GLOBAL_ACCENT_COLOR_NAME = AccentColor;
				CODE_SIGN_STYLE = Automatic;
				CODE_SIGN_ENTITLEMENTS = Toss/Toss.entitlements;
				CURRENT_PROJECT_VERSION = 3;
				DEVELOPMENT_TEAM = 36ZQWSGBJ4;
				DEVELOPMENT_ASSET_PATHS = "\"Toss/Preview Content\"";
				ENABLE_PREVIEWS = YES;
				GENERATE_INFOPLIST_FILE = YES;
				INFOPLIST_FILE = Toss/Info.plist;
				INFOPLIST_KEY_UIApplicationSceneManifest_Generation = YES;
				INFOPLIST_KEY_UIApplicationSupportsIndirectInputEvents = YES;
				INFOPLIST_KEY_UISupportedInterfaceOrientations_iPad = "UIInterfaceOrientationPortrait UIInterfaceOrientationPortraitUpsideDown UIInterfaceOrientationLandscapeLeft UIInterfaceOrientationLandscapeRight";
				INFOPLIST_KEY_UISupportedInterfaceOrientations_iPhone = "UIInterfaceOrientationPortrait UIInterfaceOrientationLandscapeLeft UIInterfaceOrientationLandscapeRight";
				LD_RUNPATH_SEARCH_PATHS = (
					"$(inherited)",
					"@executable_path/Frameworks",
				);
				MARKETING_VERSION = 1.0;
				PRODUCT_BUNDLE_IDENTIFIER = com.zhaoheng.Toss;
				PRODUCT_NAME = "$(TARGET_NAME)";
				SWIFT_EMIT_LOC_STRINGS = YES;
				SWIFT_VERSION = 5.0;
				TARGETED_DEVICE_FAMILY = "1,2";
			};
			name = Release;
		};
		F5A43AA02FFFE85100F9D3AF /* Debug */ = {
			isa = XCBuildConfiguration;
			buildSettings = {
				ALWAYS_EMBED_SWIFT_STANDARD_LIBRARIES = YES;
				BUNDLE_LOADER = "$(TEST_HOST)";
				CODE_SIGN_STYLE = Automatic;
				CURRENT_PROJECT_VERSION = 1;
				GENERATE_INFOPLIST_FILE = YES;
				IPHONEOS_DEPLOYMENT_TARGET = 17.5;
				MARKETING_VERSION = 1.0;
				PRODUCT_BUNDLE_IDENTIFIER = com.zhaoheng.TossTests;
				PRODUCT_NAME = "$(TARGET_NAME)";
				SWIFT_EMIT_LOC_STRINGS = NO;
				SWIFT_VERSION = 5.0;
				TARGETED_DEVICE_FAMILY = "1,2";
				TEST_HOST = "$(BUILT_PRODUCTS_DIR)/Toss.app/$(BUNDLE_EXECUTABLE_FOLDER_PATH)/Toss";
			};
			name = Debug;
		};
		F5A43AA12FFFE85100F9D3AF /* Release */ = {
			isa = XCBuildConfiguration;
			buildSettings = {
				ALWAYS_EMBED_SWIFT_STANDARD_LIBRARIES = YES;
				BUNDLE_LOADER = "$(TEST_HOST)";
				CODE_SIGN_STYLE = Automatic;
				CURRENT_PROJECT_VERSION = 1;
				GENERATE_INFOPLIST_FILE = YES;
				IPHONEOS_DEPLOYMENT_TARGET = 17.5;
				MARKETING_VERSION = 1.0;
				PRODUCT_BUNDLE_IDENTIFIER = com.zhaoheng.TossTests;
				PRODUCT_NAME = "$(TARGET_NAME)";
				SWIFT_EMIT_LOC_STRINGS = NO;
				SWIFT_VERSION = 5.0;
				TARGETED_DEVICE_FAMILY = "1,2";
				TEST_HOST = "$(BUILT_PRODUCTS_DIR)/Toss.app/$(BUNDLE_EXECUTABLE_FOLDER_PATH)/Toss";
			};
			name = Release;
		};
		F5A43AA32FFFE85100F9D3AF /* Debug */ = {
			isa = XCBuildConfiguration;
			buildSettings = {
				ALWAYS_EMBED_SWIFT_STANDARD_LIBRARIES = YES;
				CODE_SIGN_STYLE = Automatic;
				CURRENT_PROJECT_VERSION = 1;
				GENERATE_INFOPLIST_FILE = YES;
				MARKETING_VERSION = 1.0;
				PRODUCT_BUNDLE_IDENTIFIER = com.zhaoheng.TossUITests;
				PRODUCT_NAME = "$(TARGET_NAME)";
				SWIFT_EMIT_LOC_STRINGS = NO;
				SWIFT_VERSION = 5.0;
				TARGETED_DEVICE_FAMILY = "1,2";
				TEST_TARGET_NAME = Toss;
			};
			name = Debug;
		};
		F5A43AA42FFFE85100F9D3AF /* Release */ = {
			isa = XCBuildConfiguration;
			buildSettings = {
				ALWAYS_EMBED_SWIFT_STANDARD_LIBRARIES = YES;
				CODE_SIGN_STYLE = Automatic;
				CURRENT_PROJECT_VERSION = 1;
				GENERATE_INFOPLIST_FILE = YES;
				MARKETING_VERSION = 1.0;
				PRODUCT_BUNDLE_IDENTIFIER = com.zhaoheng.TossUITests;
				PRODUCT_NAME = "$(TARGET_NAME)";
				SWIFT_EMIT_LOC_STRINGS = NO;
				SWIFT_VERSION = 5.0;
				TARGETED_DEVICE_FAMILY = "1,2";
				TEST_TARGET_NAME = Toss;
			};
			name = Release;
		};
/* End XCBuildConfiguration section */

/* Begin XCConfigurationList section */
		F5A43A732FFFE85000F9D3AF /* Build configuration list for PBXProject "Toss" */ = {
			isa = XCConfigurationList;
			buildConfigurations = (
				F5A43A9A2FFFE85100F9D3AF /* Debug */,
				F5A43A9B2FFFE85100F9D3AF /* Release */,
			);
			defaultConfigurationIsVisible = 0;
			defaultConfigurationName = Release;
		};
		F5A43A9C2FFFE85100F9D3AF /* Build configuration list for PBXNativeTarget "Toss" */ = {
			isa = XCConfigurationList;
			buildConfigurations = (
				F5A43A9D2FFFE85100F9D3AF /* Debug */,
				F5A43A9E2FFFE85100F9D3AF /* Release */,
			);
			defaultConfigurationIsVisible = 0;
			defaultConfigurationName = Release;
		};
		F5A43A9F2FFFE85100F9D3AF /* Build configuration list for PBXNativeTarget "TossTests" */ = {
			isa = XCConfigurationList;
			buildConfigurations = (
				F5A43AA02FFFE85100F9D3AF /* Debug */,
				F5A43AA12FFFE85100F9D3AF /* Release */,
			);
			defaultConfigurationIsVisible = 0;
			defaultConfigurationName = Release;
		};
		F5A43AA22FFFE85100F9D3AF /* Build configuration list for PBXNativeTarget "TossUITests" */ = {
			isa = XCConfigurationList;
			buildConfigurations = (
				F5A43AA32FFFE85100F9D3AF /* Debug */,
				F5A43AA42FFFE85100F9D3AF /* Release */,
			);
			defaultConfigurationIsVisible = 0;
			defaultConfigurationName = Release;
		};
/* End XCConfigurationList section */
	};
	rootObject = F5A43A702FFFE85000F9D3AF /* Project object */;
}
